
Microsoft Visual Studio Solution File, Format Version 12.00
# Visual Studio Version 16
VisualStudioVersion = 16.0.31410.357
MinimumVisualStudioVersion = 10.0.40219.1
Project("{FAE04EC0-301F-11D3-BF4B-00C04F79EFBC}") = "Filarmonia", "Filarmonia\Filarmonia.csproj", "{A717C654-4FB5-4F17-8FEE-6492D4C491B5}"
EndProject
Global
	GlobalSection(SolutionConfigurationPlatforms) = preSolution
		Debug|Any CPU = Debug|Any CPU
		Release|Any CPU = Release|Any CPU
	EndGlobalSection
	GlobalSection(ProjectConfigurationPlatforms) = postSolution
		{A717C654-4FB5-4F17-8FEE-6492D4C491B5}.Debug|Any CPU.ActiveCfg = Debug|Any CPU
		{A717C654-4FB5-4F17-8FEE-6492D4C491B5}.Debug|Any CPU.Build.0 = Debug|Any CPU
		{A717C654-4FB5-4F17-8FEE-6492D4C491B5}.Release|Any CPU.ActiveCfg = Release|Any CPU
		{A717C654-4FB5-4F17-8FEE-6492D4C491B5}.Release|Any CPU.Build.0 = Release|Any CPU
	EndGlobalSection
	GlobalSection(SolutionProperties) = preSolution
		HideSolutionNode = FALSE
	EndGlobalSection
	GlobalSection(ExtensibilityGlobals) = postSolution
		SolutionGuid = {2CEEE2E5-A00C-4575-8530-6356AA1F416D}
	EndGlobalSection
EndGlobal
